
Microsoft Visual Studio Solution File, Format Version 12.00
# Visual Studio Version 17
VisualStudioVersion = 17.0.31903.59
MinimumVisualStudioVersion = 10.0.40219.1
Project("{FAE04EC0-301F-11D3-BF4B-00C04F79EFBC}") = "SlkApi", "SlkApi\SlkApi.csproj", "{2A00F600-FEBD-4A08-879A-27227430B715}"
EndProject
Project("{FAE04EC0-301F-11D3-BF4B-00C04F79EFBC}") = "SlkBLL", "SlkBLL\SlkBLL.csproj", "{428E94CA-0706-4BA3-B27D-24794691D434}"
EndProject
Project("{FAE04EC0-301F-11D3-BF4B-00C04F79EFBC}") = "SlkDAL", "SlkDAL\SlkDAL.csproj", "{FBD4604C-5FAB-402C-AC50-9FB9E50595C5}"
EndProject
Project("{FAE04EC0-301F-11D3-BF4B-00C04F79EFBC}") = "SlkModel", "SlkModel\SlkModel.csproj", "{706AFDF7-F504-44F0-A1CD-875733FC19E4}"
EndProject
Project("{FAE04EC0-301F-11D3-BF4B-00C04F79EFBC}") = "SlkApiUnitTestCases", "SlkApiUnitTestCases\SlkApiUnitTestCases.csproj", "{F4DD9BB5-868C-4B2D-A94F-C4E952978221}"
EndProject
Project("{FAE04EC0-301F-11D3-BF4B-00C04F79EFBC}") = "SlkBllUnitTestCases", "SlkBllUnitTestCases\SlkBllUnitTestCases.csproj", "{3192BD2C-5846-415E-80E7-29A16A6C2FE2}"
EndProject
Project("{FAE04EC0-301F-11D3-BF4B-00C04F79EFBC}") = "SlkDalUnitTestCases", "SlkDalUnitTestCases\SlkDalUnitTestCases.csproj", "{4EA5D13B-95B6-4D66-9403-BFA56282FE45}"
EndProject
Global
	GlobalSection(SolutionConfigurationPlatforms) = preSolution
		Debug|Any CPU = Debug|Any CPU
		Debug|x64 = Debug|x64
		Debug|x86 = Debug|x86
		Release|Any CPU = Release|Any CPU
		Release|x64 = Release|x64
		Release|x86 = Release|x86
	EndGlobalSection
	GlobalSection(ProjectConfigurationPlatforms) = postSolution
		{2A00F600-FEBD-4A08-879A-27227430B715}.Debug|Any CPU.ActiveCfg = Debug|Any CPU
		{2A00F600-FEBD-4A08-879A-27227430B715}.Debug|Any CPU.Build.0 = Debug|Any CPU
		{2A00F600-FEBD-4A08-879A-27227430B715}.Debug|x64.ActiveCfg = Debug|Any CPU
		{2A00F600-FEBD-4A08-879A-27227430B715}.Debug|x64.Build.0 = Debug|Any CPU
		{2A00F600-FEBD-4A08-879A-27227430B715}.Debug|x86.ActiveCfg = Debug|Any CPU
		{2A00F600-FEBD-4A08-879A-27227430B715}.Debug|x86.Build.0 = Debug|Any CPU
		{2A00F600-FEBD-4A08-879A-27227430B715}.Release|Any CPU.ActiveCfg = Release|Any CPU
		{2A00F600-FEBD-4A08-879A-27227430B715}.Release|Any CPU.Build.0 = Release|Any CPU
		{2A00F600-FEBD-4A08-879A-27227430B715}.Release|x64.ActiveCfg = Release|Any CPU
		{2A00F600-FEBD-4A08-879A-27227430B715}.Release|x64.Build.0 = Release|Any CPU
		{2A00F600-FEBD-4A08-879A-27227430B715}.Release|x86.ActiveCfg = Release|Any CPU
		{2A00F600-FEBD-4A08-879A-27227430B715}.Release|x86.Build.0 = Release|Any CPU
		{428E94CA-0706-4BA3-B27D-24794691D434}.Debug|Any CPU.ActiveCfg = Debug|Any CPU
		{428E94CA-0706-4BA3-B27D-24794691D434}.Debug|Any CPU.Build.0 = Debug|Any CPU
		{428E94CA-0706-4BA3-B27D-24794691D434}.Debug|x64.ActiveCfg = Debug|Any CPU
		{428E94CA-0706-4BA3-B27D-24794691D434}.Debug|x64.Build.0 = Debug|Any CPU
		{428E94CA-0706-4BA3-B27D-24794691D434}.Debug|x86.ActiveCfg = Debug|Any CPU
		{428E94CA-0706-4BA3-B27D-24794691D434}.Debug|x86.Build.0 = Debug|Any CPU
		{428E94CA-0706-4BA3-B27D-24794691D434}.Release|Any CPU.ActiveCfg = Release|Any CPU
		{428E94CA-0706-4BA3-B27D-24794691D434}.Release|Any CPU.Build.0 = Release|Any CPU
		{428E94CA-0706-4BA3-B27D-24794691D434}.Release|x64.ActiveCfg = Release|Any CPU
		{428E94CA-0706-4BA3-B27D-24794691D434}.Release|x64.Build.0 = Release|Any CPU
		{428E94CA-0706-4BA3-B27D-24794691D434}.Release|x86.ActiveCfg = Release|Any CPU
		{428E94CA-0706-4BA3-B27D-24794691D434}.Release|x86.Build.0 = Release|Any CPU
		{FBD4604C-5FAB-402C-AC50-9FB9E50595C5}.Debug|Any CPU.ActiveCfg = Debug|Any CPU
		{FBD4604C-5FAB-402C-AC50-9FB9E50595C5}.Debug|Any CPU.Build.0 = Debug|Any CPU
		{FBD4604C-5FAB-402C-AC50-9FB9E50595C5}.Debug|x64.ActiveCfg = Debug|Any CPU
		{FBD4604C-5FAB-402C-AC50-9FB9E50595C5}.Debug|x64.Build.0 = Debug|Any CPU
		{FBD4604C-5FAB-402C-AC50-9FB9E50595C5}.Debug|x86.ActiveCfg = Debug|Any CPU
		{FBD4604C-5FAB-402C-AC50-9FB9E50595C5}.Debug|x86.Build.0 = Debug|Any CPU
		{FBD4604C-5FAB-402C-AC50-9FB9E50595C5}.Release|Any CPU.ActiveCfg = Release|Any CPU
		{FBD4604C-5FAB-402C-AC50-9FB9E50595C5}.Release|Any CPU.Build.0 = Release|Any CPU
		{FBD4604C-5FAB-402C-AC50-9FB9E50595C5}.Release|x64.ActiveCfg = Release|Any CPU
		{FBD4604C-5FAB-402C-AC50-9FB9E50595C5}.Release|x64.Build.0 = Release|Any CPU
		{FBD4604C-5FAB-402C-AC50-9FB9E50595C5}.Release|x86.ActiveCfg = Release|Any CPU
		{FBD4604C-5FAB-402C-AC50-9FB9E50595C5}.Release|x86.Build.0 = Release|Any CPU
		{706AFDF7-F504-44F0-A1CD-875733FC19E4}.Debug|Any CPU.ActiveCfg = Debug|Any CPU
		{706AFDF7-F504-44F0-A1CD-875733FC19E4}.Debug|Any CPU.Build.0 = Debug|Any CPU
		{706AFDF7-F504-44F0-A1CD-875733FC19E4}.Debug|x64.ActiveCfg = Debug|Any CPU
		{706AFDF7-F504-44F0-A1CD-875733FC19E4}.Debug|x64.Build.0 = Debug|Any CPU
		{706AFDF7-F504-44F0-A1CD-875733FC19E4}.Debug|x86.ActiveCfg = Debug|Any CPU
		{706AFDF7-F504-44F0-A1CD-875733FC19E4}.Debug|x86.Build.0 = Debug|Any CPU
		{706AFDF7-F504-44F0-A1CD-875733FC19E4}.Release|Any CPU.ActiveCfg = Release|Any CPU
		{706AFDF7-F504-44F0-A1CD-875733FC19E4}.Release|Any CPU.Build.0 = Release|Any CPU
		{706AFDF7-F504-44F0-A1CD-875733FC19E4}.Release|x64.ActiveCfg = Release|Any CPU
		{706AFDF7-F504-44F0-A1CD-875733FC19E4}.Release|x64.Build.0 = Release|Any CPU
		{706AFDF7-F504-44F0-A1CD-875733FC19E4}.Release|x86.ActiveCfg = Release|Any CPU
		{706AFDF7-F504-44F0-A1CD-875733FC19E4}.Release|x86.Build.0 = Release|Any CPU
		{F4DD9BB5-868C-4B2D-A94F-C4E952978221}.Debug|Any CPU.ActiveCfg = Debug|Any CPU
		{F4DD9BB5-868C-4B2D-A94F-C4E952978221}.Debug|Any CPU.Build.0 = Debug|Any CPU
		{F4DD9BB5-868C-4B2D-A94F-C4E952978221}.Debug|x64.ActiveCfg = Debug|Any CPU
		{F4DD9BB5-868C-4B2D-A94F-C4E952978221}.Debug|x64.Build.0 = Debug|Any CPU
		{F4DD9BB5-868C-4B2D-A94F-C4E952978221}.Debug|x86.ActiveCfg = Debug|Any CPU
		{F4DD9BB5-868C-4B2D-A94F-C4E952978221}.Debug|x86.Build.0 = Debug|Any CPU
		{F4DD9BB5-868C-4B2D-A94F-C4E952978221}.Release|Any CPU.ActiveCfg = Release|Any CPU
		{F4DD9BB5-868C-4B2D-A94F-C4E952978221}.Release|Any CPU.Build.0 = Release|Any CPU
		{F4DD9BB5-868C-4B2D-A94F-C4E952978221}.Release|x64.ActiveCfg = Release|Any CPU
		{F4DD9BB5-868C-4B2D-A94F-C4E952978221}.Release|x64.Build.0 = Release|Any CPU
		{F4DD9BB5-868C-4B2D-A94F-C4E952978221}.Release|x86.ActiveCfg = Release|Any CPU
		{F4DD9BB5-868C-4B2D-A94F-C4E952978221}.Release|x86.Build.0 = Release|Any CPU
		{3192BD2C-5846-415E-80E7-29A16A6C2FE2}.Debug|Any CPU.ActiveCfg = Debug|Any CPU
		{3192BD2C-5846-415E-80E7-29A16A6C2FE2}.Debug|Any CPU.Build.0 = Debug|Any CPU
		{3192BD2C-5846-415E-80E7-29A16A6C2FE2}.Debug|x64.ActiveCfg = Debug|Any CPU
		{3192BD2C-5846-415E-80E7-29A16A6C2FE2}.Debug|x64.Build.0 = Debug|Any CPU
		{3192BD2C-5846-415E-80E7-29A16A6C2FE2}.Debug|x86.ActiveCfg = Debug|Any CPU
		{3192BD2C-5846-415E-80E7-29A16A6C2FE2}.Debug|x86.Build.0 = Debug|Any CPU
		{3192BD2C-5846-415E-80E7-29A16A6C2FE2}.Release|Any CPU.ActiveCfg = Release|Any CPU
		{3192BD2C-5846-415E-80E7-29A16A6C2FE2}.Release|Any CPU.Build.0 = Release|Any CPU
		{3192BD2C-5846-415E-80E7-29A16A6C2FE2}.Release|x64.ActiveCfg = Release|Any CPU
		{3192BD2C-5846-415E-80E7-29A16A6C2FE2}.Release|x64.Build.0 = Release|Any CPU
		{3192BD2C-5846-415E-80E7-29A16A6C2FE2}.Release|x86.ActiveCfg = Release|Any CPU
		{3192BD2C-5846-415E-80E7-29A16A6C2FE2}.Release|x86.Build.0 = Release|Any CPU
		{4EA5D13B-95B6-4D66-9403-BFA56282FE45}.Debug|Any CPU.ActiveCfg = Debug|Any CPU
		{4EA5D13B-95B6-4D66-9403-BFA56282FE45}.Debug|Any CPU.Build.0 = Debug|Any CPU
		{4EA5D13B-95B6-4D66-9403-BFA56282FE45}.Debug|x64.ActiveCfg = Debug|Any CPU
		{4EA5D13B-95B6-4D66-9403-BFA56282FE45}.Debug|x64.Build.0 = Debug|Any CPU
		{4EA5D13B-95B6-4D66-9403-BFA56282FE45}.Debug|x86.ActiveCfg = Debug|Any CPU
		{4EA5D13B-95B6-4D66-9403-BFA56282FE45}.Debug|x86.Build.0 = Debug|Any CPU
		{4EA5D13B-95B6-4D66-9403-BFA56282FE45}.Release|Any CPU.ActiveCfg = Release|Any CPU
		{4EA5D13B-95B6-4D66-9403-BFA56282FE45}.Release|Any CPU.Build.0 = Release|Any CPU
		{4EA5D13B-95B6-4D66-9403-BFA56282FE45}.Release|x64.ActiveCfg = Release|Any CPU
		{4EA5D13B-95B6-4D66-9403-BFA56282FE45}.Release|x64.Build.0 = Release|Any CPU
		{4EA5D13B-95B6-4D66-9403-BFA56282FE45}.Release|x86.ActiveCfg = Release|Any CPU
		{4EA5D13B-95B6-4D66-9403-BFA56282FE45}.Release|x86.Build.0 = Release|Any CPU
	EndGlobalSection
	GlobalSection(SolutionProperties) = preSolution
		HideSolutionNode = FALSE
	EndGlobalSection
EndGlobal
